// !$*UTF8*$!
{
	archiveVersion = 1;
	classes = {
	};
	objectVersion = 56;
	objects = {

/* Begin PBXBuildFile section */
		A0A41E8129EE97AF00E09C58 /* AppDelegate.swift in Sources */ = {isa = PBXBuildFile; fileRef = A0A41E8029EE97AF00E09C58 /* AppDelegate.swift */; };
		A0A41E8329EE97AF00E09C58 /* SceneDelegate.swift in Sources */ = {isa = PBXBuildFile; fileRef = A0A41E8229EE97AF00E09C58 /* SceneDelegate.swift */; };
		A0A41E8529EE97AF00E09C58 /* ViewController.swift in Sources */ = {isa = PBXBuildFile; fileRef = A0A41E8429EE97AF00E09C58 /* ViewController.swift */; };
		A0A41E8829EE97AF00E09C58 /* Main.storyboard in Resources */ = {isa = PBXBuildFile; fileRef = A0A41E8629EE97AF00E09C58 /* Main.storyboard */; };
		A0A41E8A29EE97B200E09C58 /* Assets.xcassets in Resources */ = {isa = PBXBuildFile; fileRef = A0A41E8929EE97B200E09C58 /* Assets.xcassets */; };
		A0A41E8D29EE97B200E09C58 /* LaunchScreen.storyboard in Resources */ = {isa = PBXBuildFile; fileRef = A0A41E8B29EE97B200E09C58 /* LaunchScreen.storyboard */; };
		A0A41E9829EE97B300E09C58 /* To_DoListExTests.swift in Sources */ = {isa = PBXBuildFile; fileRef = A0A41E9729EE97B300E09C58 /* To_DoListExTests.swift */; };
		A0A41EA229EE97B300E09C58 /* To_DoListExUITests.swift in Sources */ = {isa = PBXBuildFile; fileRef = A0A41EA129EE97B300E09C58 /* To_DoListExUITests.swift */; };
		A0A41EA429EE97B300E09C58 /* To_DoListExUITestsLaunchTests.swift in Sources */ = {isa = PBXBuildFile; fileRef = A0A41EA329EE97B300E09C58 /* To_DoListExUITestsLaunchTests.swift */; };
		A0A41EB129EE981F00E09C58 /* TaskViewController.swift in Sources */ = {isa = PBXBuildFile; fileRef = A0A41EB029EE981F00E09C58 /* TaskViewController.swift */; };
		A0A41EB329EE986300E09C58 /* AddTaskViewController.swift in Sources */ = {isa = PBXBuildFile; fileRef = A0A41EB229EE986300E09C58 /* AddTaskViewController.swift */; };
/* End PBXBuildFile section */

/* Begin PBXContainerItemProxy section */
		A0A41E9429EE97B300E09C58 /* PBXContainerItemProxy */ = {
			isa = PBXContainerItemProxy;
			containerPortal = A0A41E7529EE97AF00E09C58 /* Project object */;
			proxyType = 1;
			remoteGlobalIDString = A0A41E7C29EE97AF00E09C58;
			remoteInfo = "To-DoListEx";
		};
		A0A41E9E29EE97B300E09C58 /* PBXContainerItemProxy */ = {
			isa = PBXContainerItemProxy;
			containerPortal = A0A41E7529EE97AF00E09C58 /* Project object */;
			proxyType = 1;
			remoteGlobalIDString = A0A41E7C29EE97AF00E09C58;
			remoteInfo = "To-DoListEx";
		};
/* End PBXContainerItemProxy section */

/* Begin PBXFileReference section */
		A0A41E7D29EE97AF00E09C58 /* To-DoListEx.app */ = {isa = PBXFileReference; explicitFileType = wrapper.application; includeInIndex = 0; path = "To-DoListEx.app"; sourceTree = BUILT_PRODUCTS_DIR; };
		A0A41E8029EE97AF00E09C58 /* AppDelegate.swift */ = {isa = PBXFileReference; lastKnownFileType = sourcecode.swift; path = AppDelegate.swift; sourceTree = "<group>"; };
		A0A41E8229EE97AF00E09C58 /* SceneDelegate.swift */ = {isa = PBXFileReference; lastKnownFileType = sourcecode.swift; path = SceneDelegate.swift; sourceTree = "<group>"; };
		A0A41E8429EE97AF00E09C58 /* ViewController.swift */ = {isa = PBXFileReference; lastKnownFileType = sourcecode.swift; path = ViewController.swift; sourceTree = "<group>"; };
		A0A41E8729EE97AF00E09C58 /* Base */ = {isa = PBXFileReference; lastKnownFileType = file.storyboard; name = Base; path = Base.lproj/Main.storyboard; sourceTree = "<group>"; };
		A0A41E8929EE97B200E09C58 /* Assets.xcassets */ = {isa = PBXFileReference; lastKnownFileType = folder.assetcatalog; path = Assets.xcassets; sourceTree = "<group>"; };
		A0A41E8C29EE97B200E09C58 /* Base */ = {isa = PBXFileReference; lastKnownFileType = file.storyboard; name = Base; path = Base.lproj/LaunchScreen.storyboard; sourceTree = "<group>"; };
		A0A41E8E29EE97B200E09C58 /* Info.plist */ = {isa = PBXFileReference; lastKnownFileType = text.plist.xml; path = Info.plist; sourceTree = "<group>"; };
		A0A41E9329EE97B300E09C58 /* To-DoListExTests.xctest */ = {isa = PBXFileReference; explicitFileType = wrapper.cfbundle; includeInIndex = 0; path = "To-DoListExTests.xctest"; sourceTree = BUILT_PRODUCTS_DIR; };
		A0A41E9729EE97B300E09C58 /* To_DoListExTests.swift */ = {isa = PBXFileReference; lastKnownFileType = sourcecode.swift; path = To_DoListExTests.swift; sourceTree = "<group>"; };
		A0A41E9D29EE97B300E09C58 /* To-DoListExUITests.xctest */ = {isa = PBXFileReference; explicitFileType = wrapper.cfbundle; includeInIndex = 0; path = "To-DoListExUITests.xctest"; sourceTree = BUILT_PRODUCTS_DIR; };
		A0A41EA129EE97B300E09C58 /* To_DoListExUITests.swift */ = {isa = PBXFileReference; lastKnownFileType = sourcecode.swift; path = To_DoListExUITests.swift; sourceTree = "<group>"; };
		A0A41EA329EE97B300E09C58 /* To_DoListExUITestsLaunchTests.swift */ = {isa = PBXFileReference; lastKnownFileType = sourcecode.swift; path = To_DoListExUITestsLaunchTests.swift; sourceTree = "<group>"; };
		A0A41EB029EE981F00E09C58 /* TaskViewController.swift */ = {isa = PBXFileReference; lastKnownFileType = sourcecode.swift; path = TaskViewController.swift; sourceTree = "<group>"; };
		A0A41EB229EE986300E09C58 /* AddTaskViewController.swift */ = {isa = PBXFileReference; lastKnownFileType = sourcecode.swift; path = AddTaskViewController.swift; sourceTree = "<group>"; };
/* End PBXFileReference section */

/* Begin PBXFrameworksBuildPhase section */
		A0A41E7A29EE97AF00E09C58 /* Frameworks */ = {
			isa = PBXFrameworksBuildPhase;
			buildActionMask = 2147483647;
			files = (
			);
			runOnlyForDeploymentPostprocessing = 0;
		};
		A0A41E9029EE97B300E09C58 /* Frameworks */ = {
			isa = PBXFrameworksBuildPhase;
			buildActionMask = 2147483647;
			files = (
			);
			runOnlyForDeploymentPostprocessing = 0;
		};
		A0A41E9A29EE97B300E09C58 /* Frameworks */ = {
			isa = PBXFrameworksBuildPhase;
			buildActionMask = 2147483647;
			files = (
			);
			runOnlyForDeploymentPostprocessing = 0;
		};
/* End PBXFrameworksBuildPhase section */

/* Begin PBXGroup section */
		A0A41E7429EE97AF00E09C58 = {
			isa = PBXGroup;
			children = (
				A0A41E7F29EE97AF00E09C58 /* To-DoListEx */,
				A0A41E9629EE97B300E09C58 /* To-DoListExTests */,
				A0A41EA029EE97B300E09C58 /* To-DoListExUITests */,
				A0A41E7E29EE97AF00E09C58 /* Products */,
			);
			sourceTree = "<group>";
		};
		A0A41E7E29EE97AF00E09C58 /* Products */ = {
			isa = PBXGroup;
			children = (
				A0A41E7D29EE97AF00E09C58 /* To-DoListEx.app */,
				A0A41E9329EE97B300E09C58 /* To-DoListExTests.xctest */,
				A0A41E9D29EE97B300E09C58 /* To-DoListExUITests.xctest */,
			);
			name = Products;
			sourceTree = "<group>";
		};
		A0A41E7F29EE97AF00E09C58 /* To-DoListEx */ = {
			isa = PBXGroup;
			children = (
				A0A41E8029EE97AF00E09C58 /* AppDelegate.swift */,
				A0A41E8229EE97AF00E09C58 /* SceneDelegate.swift */,
				A0A41E8429EE97AF00E09C58 /* ViewController.swift */,
				A0A41E8629EE97AF00E09C58 /* Main.storyboard */,
				A0A41E8929EE97B200E09C58 /* Assets.xcassets */,
				A0A41E8B29EE97B200E09C58 /* LaunchScreen.storyboard */,
				A0A41E8E29EE97B200E09C58 /* Info.plist */,
				A0A41EB029EE981F00E09C58 /* TaskViewController.swift */,
				A0A41EB229EE986300E09C58 /* AddTaskViewController.swift */,
			);
			path = "To-DoListEx";
			sourceTree = "<group>";
		};
		A0A41E9629EE97B300E09C58 /* To-DoListExTests */ = {
			isa = PBXGroup;
			children = (
				A0A41E9729EE97B300E09C58 /* To_DoListExTests.swift */,
			);
			path = "To-DoListExTests";
			sourceTree = "<group>";
		};
		A0A41EA029EE97B300E09C58 /* To-DoListExUITests */ = {
			isa = PBXGroup;
			children = (
				A0A41EA129EE97B300E09C58 /* To_DoListExUITests.swift */,
				A0A41EA329EE97B300E09C58 /* To_DoListExUITestsLaunchTests.swift */,
			);
			path = "To-DoListExUITests";
			sourceTree = "<group>";
		};
/* End PBXGroup section */

/* Begin PBXNativeTarget section */
		A0A41E7C29EE97AF00E09C58 /* To-DoListEx */ = {
			isa = PBXNativeTarget;
			buildConfigurationList = A0A41EA729EE97B300E09C58 /* Build configuration list for PBXNativeTarget "To-DoListEx" */;
			buildPhases = (
				A0A41E7929EE97AF00E09C58 /* Sources */,
				A0A41E7A29EE97AF00E09C58 /* Frameworks */,
				A0A41E7B29EE97AF00E09C58 /* Resources */,
			);
			buildRules = (
			);
			dependencies = (
			);
			name = "To-DoListEx";
			productName = "To-DoListEx";
			productReference = A0A41E7D29EE97AF00E09C58 /* To-DoListEx.app */;
			productType = "com.apple.product-type.application";
		};
		A0A41E9229EE97B300E09C58 /* To-DoListExTests */ = {
			isa = PBXNativeTarget;
			buildConfigurationList = A0A41EAA29EE97B300E09C58 /* Build configuration list for PBXNativeTarget "To-DoListExTests" */;
			buildPhases = (
				A0A41E8F29EE97B300E09C58 /* Sources */,
				A0A41E9029EE97B300E09C58 /* Frameworks */,
				A0A41E9129EE97B300E09C58 /* Resources */,
			);
			buildRules = (
			);
			dependencies = (
				A0A41E9529EE97B300E09C58 /* PBXTargetDependency */,
			);
			name = "To-DoListExTests";
			productName = "To-DoListExTests";
			productReference = A0A41E9329EE97B300E09C58 /* To-DoListExTests.xctest */;
			productType = "com.apple.product-type.bundle.unit-test";
		};
		A0A41E9C29EE97B300E09C58 /* To-DoListExUITests */ = {
			isa = PBXNativeTarget;
			buildConfigurationList = A0A41EAD29EE97B300E09C58 /* Build configuration list for PBXNativeTarget "To-DoListExUITests" */;
			buildPhases = (
				A0A41E9929EE97B300E09C58 /* Sources */,
				A0A41E9A29EE97B300E09C58 /* Frameworks */,
				A0A41E9B29EE97B300E09C58 /* Resources */,
			);
			buildRules = (
			);
			dependencies = (
				A0A41E9F29EE97B300E09C58 /* PBXTargetDependency */,
			);
			name = "To-DoListExUITests";
			productName = "To-DoListExUITests";
			productReference = A0A41E9D29EE97B300E09C58 /* To-DoListExUITests.xctest */;
			productType = "com.apple.product-type.bundle.ui-testing";
		};
/* End PBXNativeTarget section */

/* Begin PBXProject section */
		A0A41E7529EE97AF00E09C58 /* Project object */ = {
			isa = PBXProject;
			attributes = {
				BuildIndependentTargetsInParallel = 1;
				LastSwiftUpdateCheck = 1430;
				LastUpgradeCheck = 1430;
				TargetAttributes = {
					A0A41E7C29EE97AF00E09C58 = {
						CreatedOnToolsVersion = 14.3;
					};
					A0A41E9229EE97B300E09C58 = {
						CreatedOnToolsVersion = 14.3;
						TestTargetID = A0A41E7C29EE97AF00E09C58;
					};
					A0A41E9C29EE97B300E09C58 = {
						CreatedOnToolsVersion = 14.3;
						TestTargetID = A0A41E7C29EE97AF00E09C58;
					};
				};
			};
			buildConfigurationList = A0A41E7829EE97AF00E09C58 /* Build configuration list for PBXProject "To-DoListEx" */;
			compatibilityVersion = "Xcode 14.0";
			developmentRegion = en;
			hasScannedForEncodings = 0;
			knownRegions = (
				en,
				Base,
			);
			mainGroup = A0A41E7429EE97AF00E09C58;
			productRefGroup = A0A41E7E29EE97AF00E09C58 /* Products */;
			projectDirPath = "";
			projectRoot = "";
			targets = (
				A0A41E7C29EE97AF00E09C58 /* To-DoListEx */,
				A0A41E9229EE97B300E09C58 /* To-DoListExTests */,
				A0A41E9C29EE97B300E09C58 /* To-DoListExUITests */,
			);
		};
/* End PBXProject section */

/* Begin PBXResourcesBuildPhase section */
		A0A41E7B29EE97AF00E09C58 /* Resources */ = {
			isa = PBXResourcesBuildPhase;
			buildActionMask = 2147483647;
			files = (
				A0A41E8D29EE97B200E09C58 /* LaunchScreen.storyboard in Resources */,
				A0A41E8A29EE97B200E09C58 /* Assets.xcassets in Resources */,
				A0A41E8829EE97AF00E09C58 /* Main.storyboard in Resources */,
			);
			runOnlyForDeploymentPostprocessing = 0;
		};
		A0A41E9129EE97B300E09C58 /* Resources */ = {
			isa = PBXResourcesBuildPhase;
			buildActionMask = 2147483647;
			files = (
			);
			runOnlyForDeploymentPostprocessing = 0;
		};
		A0A41E9B29EE97B300E09C58 /* Resources */ = {
			isa = PBXResourcesBuildPhase;
			buildActionMask = 2147483647;
			files = (
			);
			runOnlyForDeploymentPostprocessing = 0;
		};
/* End PBXResourcesBuildPhase section */

/* Begin PBXSourcesBuildPhase section */
		A0A41E7929EE97AF00E09C58 /* Sources */ = {
			isa = PBXSourcesBuildPhase;
			buildActionMask = 2147483647;
			files = (
				A0A41E8529EE97AF00E09C58 /* ViewController.swift in Sources */,
				A0A41EB129EE981F00E09C58 /* TaskViewController.swift in Sources */,
				A0A41E8129EE97AF00E09C58 /* AppDelegate.swift in Sources */,
				A0A41E8329EE97AF00E09C58 /* SceneDelegate.swift in Sources */,
				A0A41EB329EE986300E09C58 /* AddTaskViewController.swift in Sources */,
			);
			runOnlyForDeploymentPostprocessing = 0;
		};
		A0A41E8F29EE97B300E09C58 /* Sources */ = {
			isa = PBXSourcesBuildPhase;
			buildActionMask = 2147483647;
			files = (
				A0A41E9829EE97B300E09C58 /* To_DoListExTests.swift in Sources */,
			);
			runOnlyForDeploymentPostprocessing = 0;
		};
		A0A41E9929EE97B300E09C58 /* Sources */ = {
			isa = PBXSourcesBuildPhase;
			buildActionMask = 2147483647;
			files = (
				A0A41EA229EE97B300E09C58 /* To_DoListExUITests.swift in Sources */,
				A0A41EA429EE97B300E09C58 /* To_DoListExUITestsLaunchTests.swift in Sources */,
			);
			runOnlyForDeploymentPostprocessing = 0;
		};
/* End PBXSourcesBuildPhase section */

/* Begin PBXTargetDependency section */
		A0A41E9529EE97B300E09C58 /* PBXTargetDependency */ = {
			isa = PBXTargetDependency;
			target = A0A41E7C29EE97AF00E09C58 /* To-DoListEx */;
			targetProxy = A0A41E9429EE97B300E09C58 /* PBXContainerItemProxy */;
		};
		A0A41E9F29EE97B300E09C58 /* PBXTargetDependency */ = {
			isa = PBXTargetDependency;
			target = A0A41E7C29EE97AF00E09C58 /* To-DoListEx */;
			targetProxy = A0A41E9E29EE97B300E09C58 /* PBXContainerItemProxy */;
		};
/* End PBXTargetDependency section */

/* Begin PBXVariantGroup section */
		A0A41E8629EE97AF00E09C58 /* Main.storyboard */ = {
			isa = PBXVariantGroup;
			children = (
				A0A41E8729EE97AF00E09C58 /* Base */,
			);
			name = Main.storyboard;
			sourceTree = "<group>";
		};
		A0A41E8B29EE97B200E09C58 /* LaunchScreen.storyboard */ = {
			isa = PBXVariantGroup;
			children = (
				A0A41E8C29EE97B200E09C58 /* Base */,
			);
			name = LaunchScreen.storyboard;
			sourceTree = "<group>";
		};
/* End PBXVariantGroup section */

/* Begin XCBuildConfiguration section */
		A0A41EA529EE97B300E09C58 /* Debug */ = {
			isa = XCBuildConfiguration;
			buildSettings = {
				ALWAYS_SEARCH_USER_PATHS = NO;
				CLANG_ANALYZER_NONNULL = YES;
				CLANG_ANALYZER_NUMBER_OBJECT_CONVERSION = YES_AGGRESSIVE;
				CLANG_CXX_LANGUAGE_STANDARD = "gnu++20";
				CLANG_ENABLE_MODULES = YES;
				CLANG_ENABLE_OBJC_ARC = YES;
				CLANG_ENABLE_OBJC_WEAK = YES;
				CLANG_WARN_BLOCK_CAPTURE_AUTORELEASING = YES;
				CLANG_WARN_BOOL_CONVERSION = YES;
				CLANG_WARN_COMMA = YES;
				CLANG_WARN_CONSTANT_CONVERSION = YES;
				CLANG_WARN_DEPRECATED_OBJC_IMPLEMENTATIONS = YES;
				CLANG_WARN_DIRECT_OBJC_ISA_USAGE = YES_ERROR;
				CLANG_WARN_DOCUMENTATION_COMMENTS = YES;
				CLANG_WARN_EMPTY_BODY = YES;
				CLANG_WARN_ENUM_CONVERSION = YES;
				CLANG_WARN_INFINITE_RECURSION = YES;
				CLANG_WARN_INT_CONVERSION = YES;
				CLANG_WARN_NON_LITERAL_NULL_CONVERSION = YES;
				CLANG_WARN_OBJC_IMPLICIT_RETAIN_SELF = YES;
				CLANG_WARN_OBJC_LITERAL_CONVERSION = YES;
				CLANG_WARN_OBJC_ROOT_CLASS = YES_ERROR;
				CLANG_WARN_QUOTED_INCLUDE_IN_FRAMEWORK_HEADER = YES;
				CLANG_WARN_RANGE_LOOP_ANALYSIS = YES;
				CLANG_WARN_STRICT_PROTOTYPES = YES;
				CLANG_WARN_SUSPICIOUS_MOVE = YES;
				CLANG_WARN_UNGUARDED_AVAILABILITY = YES_AGGRESSIVE;
				CLANG_WARN_UNREACHABLE_CODE = YES;
				CLANG_WARN__DUPLICATE_METHOD_MATCH = YES;
				COPY_PHASE_STRIP = NO;
				DEBUG_INFORMATION_FORMAT = dwarf;
				ENABLE_STRICT_OBJC_MSGSEND = YES;
				ENABLE_TESTABILITY = YES;
				GCC_C_LANGUAGE_STANDARD = gnu11;
				GCC_DYNAMIC_NO_PIC = NO;
				GCC_NO_COMMON_BLOCKS = YES;
				GCC_OPTIMIZATION_LEVEL = 0;
				GCC_PREPROCESSOR_DEFINITIONS = (
					"DEBUG=1",
					"$(inherited)",
				);
				GCC_WARN_64_TO_32_BIT_CONVERSION = YES;
				GCC_WARN_ABOUT_RETURN_TYPE = YES_ERROR;
				GCC_WARN_UNDECLARED_SELECTOR = YES;
				GCC_WARN_UNINITIALIZED_AUTOS = YES_AGGRESSIVE;
				GCC_WARN_UNUSED_FUNCTION = YES;
				GCC_WARN_UNUSED_VARIABLE = YES;
				IPHONEOS_DEPLOYMENT_TARGET = 16.4;
				MTL_ENABLE_DEBUG_INFO = INCLUDE_SOURCE;
				MTL_FAST_MATH = YES;
				ONLY_ACTIVE_ARCH = YES;
				SDKROOT = iphoneos;
				SWIFT_ACTIVE_COMPILATION_CONDITIONS = DEBUG;
				SWIFT_OPTIMIZATION_LEVEL = "-Onone";
			};
			name = Debug;
		};
		A0A41EA629EE97B300E09C58 /* Release */ = {
			isa = XCBuildConfiguration;
			buildSettings = {
				ALWAYS_SEARCH_USER_PATHS = NO;
				CLANG_ANALYZER_NONNULL = YES;
				CLANG_ANALYZER_NUMBER_OBJECT_CONVERSION = YES_AGGRESSIVE;
				CLANG_CXX_LANGUAGE_STANDARD = "gnu++20";
				CLANG_ENABLE_MODULES = YES;
				CLANG_ENABLE_OBJC_ARC = YES;
				CLANG_ENABLE_OBJC_WEAK = YES;
				CLANG_WARN_BLOCK_CAPTURE_AUTORELEASING = YES;
				CLANG_WARN_BOOL_CONVERSION = YES;
				CLANG_WARN_COMMA = YES;
				CLANG_WARN_CONSTANT_CONVERSION = YES;
				CLANG_WARN_DEPRECATED_OBJC_IMPLEMENTATIONS = YES;
				CLANG_WARN_DIRECT_OBJC_ISA_USAGE = YES_ERROR;
				CLANG_WARN_DOCUMENTATION_COMMENTS = YES;
				CLANG_WARN_EMPTY_BODY = YES;
				CLANG_WARN_ENUM_CONVERSION = YES;
				CLANG_WARN_INFINITE_RECURSION = YES;
				CLANG_WARN_INT_CONVERSION = YES;
				CLANG_WARN_NON_LITERAL_NULL_CONVERSION = YES;
				CLANG_WARN_OBJC_IMPLICIT_RETAIN_SELF = YES;
				CLANG_WARN_OBJC_LITERAL_CONVERSION = YES;
				CLANG_WARN_OBJC_ROOT_CLASS = YES_ERROR;
				CLANG_WARN_QUOTED_INCLUDE_IN_FRAMEWORK_HEADER = YES;
				CLANG_WARN_RANGE_LOOP_ANALYSIS = YES;
				CLANG_WARN_STRICT_PROTOTYPES = YES;
				CLANG_WARN_SUSPICIOUS_MOVE = YES;
				CLANG_WARN_UNGUARDED_AVAILABILITY = YES_AGGRESSIVE;
				CLANG_WARN_UNREACHABLE_CODE = YES;
				CLANG_WARN__DUPLICATE_METHOD_MATCH = YES;
				COPY_PHASE_STRIP = NO;
				DEBUG_INFORMATION_FORMAT = "dwarf-with-dsym";
				ENABLE_NS_ASSERTIONS = NO;
				ENABLE_STRICT_OBJC_MSGSEND = YES;
				GCC_C_LANGUAGE_STANDARD = gnu11;
				GCC_NO_COMMON_BLOCKS = YES;
				GCC_WARN_64_TO_32_BIT_CONVERSION = YES;
				GCC_WARN_ABOUT_RETURN_TYPE = YES_ERROR;
				GCC_WARN_UNDECLARED_SELECTOR = YES;
				GCC_WARN_UNINITIALIZED_AUTOS = YES_AGGRESSIVE;
				GCC_WARN_UNUSED_FUNCTION = YES;
				GCC_WARN_UNUSED_VARIABLE = YES;
				IPHONEOS_DEPLOYMENT_TARGET = 16.4;
				MTL_ENABLE_DEBUG_INFO = NO;
				MTL_FAST_MATH = YES;
				SDKROOT = iphoneos;
				SWIFT_COMPILATION_MODE = wholemodule;
				SWIFT_OPTIMIZATION_LEVEL = "-O";
				VALIDATE_PRODUCT = YES;
			};
			name = Release;
		};
		A0A41EA829EE97B300E09C58 /* Debug */ = {
			isa = XCBuildConfiguration;
			buildSettings = {
				ASSETCATALOG_COMPILER_APPICON_NAME = AppIcon;
				ASSETCATALOG_COMPILER_GLOBAL_ACCENT_COLOR_NAME = AccentColor;
				CODE_SIGN_STYLE = Automatic;
				CURRENT_PROJECT_VERSION = 1;
				GENERATE_INFOPLIST_FILE = YES;
				INFOPLIST_FILE = "To-DoListEx/Info.plist";
				INFOPLIST_KEY_UIApplicationSupportsIndirectInputEvents = YES;
				INFOPLIST_KEY_UILaunchStoryboardName = LaunchScreen;
				INFOPLIST_KEY_UIMainStoryboardFile = Main;
				INFOPLIST_KEY_UISupportedInterfaceOrientations_iPad = "UIInterfaceOrientationPortrait UIInterfaceOrientationPortraitUpsideDown UIInterfaceOrientationLandscapeLeft UIInterfaceOrientationLandscapeRight";
				INFOPLIST_KEY_UISupportedInterfaceOrientations_iPhone = "UIInterfaceOrientationPortrait UIInterfaceOrientationLandscapeLeft UIInterfaceOrientationLandscapeRight";
				LD_RUNPATH_SEARCH_PATHS = (
					"$(inherited)",
					"@executable_path/Frameworks",
				);
				MARKETING_VERSION = 1.0;
				PRODUCT_BUNDLE_IDENTIFIER = "nimapinfotech.To-DoListEx";
				PRODUCT_NAME = "$(TARGET_NAME)";
				SWIFT_EMIT_LOC_STRINGS = YES;
				SWIFT_VERSION = 5.0;
				TARGETED_DEVICE_FAMILY = "1,2";
			};
			name = Debug;
		};
		A0A41EA929EE97B300E09C58 /* Release */ = {
			isa = XCBuildConfiguration;
			buildSettings = {
				ASSETCATALOG_COMPILER_APPICON_NAME = AppIcon;
				ASSETCATALOG_COMPILER_GLOBAL_ACCENT_COLOR_NAME = AccentColor;
				CODE_SIGN_STYLE = Automatic;
				CURRENT_PROJECT_VERSION = 1;
				GENERATE_INFOPLIST_FILE = YES;
				INFOPLIST_FILE = "To-DoListEx/Info.plist";
				INFOPLIST_KEY_UIApplicationSupportsIndirectInputEvents = YES;
				INFOPLIST_KEY_UILaunchStoryboardName = LaunchScreen;
				INFOPLIST_KEY_UIMainStoryboardFile = Main;
				INFOPLIST_KEY_UISupportedInterfaceOrientations_iPad = "UIInterfaceOrientationPortrait UIInterfaceOrientationPortraitUpsideDown UIInterfaceOrientationLandscapeLeft UIInterfaceOrientationLandscapeRight";
				INFOPLIST_KEY_UISupportedInterfaceOrientations_iPhone = "UIInterfaceOrientationPortrait UIInterfaceOrientationLandscapeLeft UIInterfaceOrientationLandscapeRight";
				LD_RUNPATH_SEARCH_PATHS = (
					"$(inherited)",
					"@executable_path/Frameworks",
				);
				MARKETING_VERSION = 1.0;
				PRODUCT_BUNDLE_IDENTIFIER = "nimapinfotech.To-DoListEx";
				PRODUCT_NAME = "$(TARGET_NAME)";
				SWIFT_EMIT_LOC_STRINGS = YES;
				SWIFT_VERSION = 5.0;
				TARGETED_DEVICE_FAMILY = "1,2";
			};
			name = Release;
		};
		A0A41EAB29EE97B300E09C58 /* Debug */ = {
			isa = XCBuildConfiguration;
			buildSettings = {
				ALWAYS_EMBED_SWIFT_STANDARD_LIBRARIES = YES;
				BUNDLE_LOADER = "$(TEST_HOST)";
				CODE_SIGN_STYLE = Automatic;
				CURRENT_PROJECT_VERSION = 1;
				GENERATE_INFOPLIST_FILE = YES;
				IPHONEOS_DEPLOYMENT_TARGET = 16.4;
				MARKETING_VERSION = 1.0;
				PRODUCT_BUNDLE_IDENTIFIER = "nimapinfotech.To-DoListExTests";
				PRODUCT_NAME = "$(TARGET_NAME)";
				SWIFT_EMIT_LOC_STRINGS = NO;
				SWIFT_VERSION = 5.0;
				TARGETED_DEVICE_FAMILY = "1,2";
				TEST_HOST = "$(BUILT_PRODUCTS_DIR)/To-DoListEx.app/$(BUNDLE_EXECUTABLE_FOLDER_PATH)/To-DoListEx";
			};
			name = Debug;
		};
		A0A41EAC29EE97B300E09C58 /* Release */ = {
			isa = XCBuildConfiguration;
			buildSettings = {
				ALWAYS_EMBED_SWIFT_STANDARD_LIBRARIES = YES;
				BUNDLE_LOADER = "$(TEST_HOST)";
				CODE_SIGN_STYLE = Automatic;
				CURRENT_PROJECT_VERSION = 1;
				GENERATE_INFOPLIST_FILE = YES;
				IPHONEOS_DEPLOYMENT_TARGET = 16.4;
				MARKETING_VERSION = 1.0;
				PRODUCT_BUNDLE_IDENTIFIER = "nimapinfotech.To-DoListExTests";
				PRODUCT_NAME = "$(TARGET_NAME)";
				SWIFT_EMIT_LOC_STRINGS = NO;
				SWIFT_VERSION = 5.0;
				TARGETED_DEVICE_FAMILY = "1,2";
				TEST_HOST = "$(BUILT_PRODUCTS_DIR)/To-DoListEx.app/$(BUNDLE_EXECUTABLE_FOLDER_PATH)/To-DoListEx";
			};
			name = Release;
		};
		A0A41EAE29EE97B300E09C58 /* Debug */ = {
			isa = XCBuildConfiguration;
			buildSettings = {
				ALWAYS_EMBED_SWIFT_STANDARD_LIBRARIES = YES;
				CODE_SIGN_STYLE = Automatic;
				CURRENT_PROJECT_VERSION = 1;
				GENERATE_INFOPLIST_FILE = YES;
				MARKETING_VERSION = 1.0;
				PRODUCT_BUNDLE_IDENTIFIER = "nimapinfotech.To-DoListExUITests";
				PRODUCT_NAME = "$(TARGET_NAME)";
				SWIFT_EMIT_LOC_STRINGS = NO;
				SWIFT_VERSION = 5.0;
				TARGETED_DEVICE_FAMILY = "1,2";
				TEST_TARGET_NAME = "To-DoListEx";
			};
			name = Debug;
		};
		A0A41EAF29EE97B300E09C58 /* Release */ = {
			isa = XCBuildConfiguration;
			buildSettings = {
				ALWAYS_EMBED_SWIFT_STANDARD_LIBRARIES = YES;
				CODE_SIGN_STYLE = Automatic;
				CURRENT_PROJECT_VERSION = 1;
				GENERATE_INFOPLIST_FILE = YES;
				MARKETING_VERSION = 1.0;
				PRODUCT_BUNDLE_IDENTIFIER = "nimapinfotech.To-DoListExUITests";
				PRODUCT_NAME = "$(TARGET_NAME)";
				SWIFT_EMIT_LOC_STRINGS = NO;
				SWIFT_VERSION = 5.0;
				TARGETED_DEVICE_FAMILY = "1,2";
				TEST_TARGET_NAME = "To-DoListEx";
			};
			name = Release;
		};
/* End XCBuildConfiguration section */

/* Begin XCConfigurationList section */
		A0A41E7829EE97AF00E09C58 /* Build configuration list for PBXProject "To-DoListEx" */ = {
			isa = XCConfigurationList;
			buildConfigurations = (
				A0A41EA529EE97B300E09C58 /* Debug */,
				A0A41EA629EE97B300E09C58 /* Release */,
			);
			defaultConfigurationIsVisible = 0;
			defaultConfigurationName = Release;
		};
		A0A41EA729EE97B300E09C58 /* Build configuration list for PBXNativeTarget "To-DoListEx" */ = {
			isa = XCConfigurationList;
			buildConfigurations = (
				A0A41EA829EE97B300E09C58 /* Debug */,
				A0A41EA929EE97B300E09C58 /* Release */,
			);
			defaultConfigurationIsVisible = 0;
			defaultConfigurationName = Release;
		};
		A0A41EAA29EE97B300E09C58 /* Build configuration list for PBXNativeTarget "To-DoListExTests" */ = {
			isa = XCConfigurationList;
			buildConfigurations = (
				A0A41EAB29EE97B300E09C58 /* Debug */,
				A0A41EAC29EE97B300E09C58 /* Release */,
			);
			defaultConfigurationIsVisible = 0;
			defaultConfigurationName = Release;
		};
		A0A41EAD29EE97B300E09C58 /* Build configuration list for PBXNativeTarget "To-DoListExUITests" */ = {
			isa = XCConfigurationList;
			buildConfigurations = (
				A0A41EAE29EE97B300E09C58 /* Debug */,
				A0A41EAF29EE97B300E09C58 /* Release */,
			);
			defaultConfigurationIsVisible = 0;
			defaultConfigurationName = Release;
		};
/* End XCConfigurationList section */
	};
	rootObject = A0A41E7529EE97AF00E09C58 /* Project object */;
}
